
Microsoft Visual Studio Solution File, Format Version 12.00
# Visual Studio Version 17
VisualStudioVersion = 17.1.32210.238
MinimumVisualStudioVersion = 10.0.40219.1
Project("{FAE04EC0-301F-11D3-BF4B-00C04F79EFBC}") = "BethhanysPieShopsIM", "BethhanysPieShopsIM\BethhanysPieShopsIM.csproj", "{5AB94CB1-DB2A-41B7-BA48-AAB39AFF64C6}"
EndProject
Global
	GlobalSection(SolutionConfigurationPlatforms) = preSolution
		Debug|Any CPU = Debug|Any CPU
		Release|Any CPU = Release|Any CPU
	EndGlobalSection
	GlobalSection(ProjectConfigurationPlatforms) = postSolution
		{5AB94CB1-DB2A-41B7-BA48-AAB39AFF64C6}.Debug|Any CPU.ActiveCfg = Debug|Any CPU
		{5AB94CB1-DB2A-41B7-BA48-AAB39AFF64C6}.Debug|Any CPU.Build.0 = Debug|Any CPU
		{5AB94CB1-DB2A-41B7-BA48-AAB39AFF64C6}.Release|Any CPU.ActiveCfg = Release|Any CPU
		{5AB94CB1-DB2A-41B7-BA48-AAB39AFF64C6}.Release|Any CPU.Build.0 = Release|Any CPU
	EndGlobalSection
	GlobalSection(SolutionProperties) = preSolution
		HideSolutionNode = FALSE
	EndGlobalSection
	GlobalSection(ExtensibilityGlobals) = postSolution
		SolutionGuid = {3B2BD024-8B56-43F3-94B5-0BCB33B00983}
	EndGlobalSection
EndGlobal
